
Microsoft Visual Studio Solution File, Format Version 12.00
# Visual Studio 15
VisualStudioVersion = 15.0.28307.572
MinimumVisualStudioVersion = 10.0.40219.1
Project("{8BC9CEB8-8B4A-11D0-8D11-00A0C91BC942}") = "yaoshande2", "yaoshande2\yaoshande2.vcxproj", "{98B446A9-9736-4FB6-B3BF-9017BFC99335}"
EndProject
Global
	GlobalSection(SolutionConfigurationPlatforms) = preSolution
		Debug|x64 = Debug|x64
		Debug|x86 = Debug|x86
		Release|x64 = Release|x64
		Release|x86 = Release|x86
	EndGlobalSection
	GlobalSection(ProjectConfigurationPlatforms) = postSolution
		{98B446A9-9736-4FB6-B3BF-9017BFC99335}.Debug|x64.ActiveCfg = Debug|x64
		{98B446A9-9736-4FB6-B3BF-9017BFC99335}.Debug|x64.Build.0 = Debug|x64
		{98B446A9-9736-4FB6-B3BF-9017BFC99335}.Debug|x86.ActiveCfg = Debug|Win32
		{98B446A9-9736-4FB6-B3BF-9017BFC99335}.Debug|x86.Build.0 = Debug|Win32
		{98B446A9-9736-4FB6-B3BF-9017BFC99335}.Release|x64.ActiveCfg = Release|x64
		{98B446A9-9736-4FB6-B3BF-9017BFC99335}.Release|x64.Build.0 = Release|x64
		{98B446A9-9736-4FB6-B3BF-9017BFC99335}.Release|x86.ActiveCfg = Release|Win32
		{98B446A9-9736-4FB6-B3BF-9017BFC99335}.Release|x86.Build.0 = Release|Win32
	EndGlobalSection
	GlobalSection(SolutionProperties) = preSolution
		HideSolutionNode = FALSE
	EndGlobalSection
	GlobalSection(ExtensibilityGlobals) = postSolution
		SolutionGuid = {10A9877A-A8B9-452C-9108-08C2D090EDB0}
	EndGlobalSection
EndGlobal
